
Microsoft Visual Studio Solution File, Format Version 12.00
# Visual Studio Version 17
VisualStudioVersion = 17.14.36408.4
MinimumVisualStudioVersion = 10.0.40219.1
Project("{FAE04EC0-301F-11D3-BF4B-00C04F79EFBC}") = "WebApi-Practice", "WebApi-Practice\WebApi-Practice.csproj", "{F5E567D5-65F5-42B0-AAF8-095B0EA3FC93}"
EndProject
Project("{FAE04EC0-301F-11D3-BF4B-00C04F79EFBC}") = "NwsWebApi-Practice", "NwsWebApi-Practice\NwsWebApi-Practice.csproj", "{C2CD597E-2168-42C7-BD2F-BCB6BEF0D8EF}"
EndProject
Global
	GlobalSection(SolutionConfigurationPlatforms) = preSolution
		Debug|Any CPU = Debug|Any CPU
		Release|Any CPU = Release|Any CPU
	EndGlobalSection
	GlobalSection(ProjectConfigurationPlatforms) = postSolution
		{F5E567D5-65F5-42B0-AAF8-095B0EA3FC93}.Debug|Any CPU.ActiveCfg = Debug|Any CPU
		{F5E567D5-65F5-42B0-AAF8-095B0EA3FC93}.Debug|Any CPU.Build.0 = Debug|Any CPU
		{F5E567D5-65F5-42B0-AAF8-095B0EA3FC93}.Release|Any CPU.ActiveCfg = Release|Any CPU
		{F5E567D5-65F5-42B0-AAF8-095B0EA3FC93}.Release|Any CPU.Build.0 = Release|Any CPU
		{C2CD597E-2168-42C7-BD2F-BCB6BEF0D8EF}.Debug|Any CPU.ActiveCfg = Debug|Any CPU
		{C2CD597E-2168-42C7-BD2F-BCB6BEF0D8EF}.Debug|Any CPU.Build.0 = Debug|Any CPU
		{C2CD597E-2168-42C7-BD2F-BCB6BEF0D8EF}.Release|Any CPU.ActiveCfg = Release|Any CPU
		{C2CD597E-2168-42C7-BD2F-BCB6BEF0D8EF}.Release|Any CPU.Build.0 = Release|Any CPU
	EndGlobalSection
	GlobalSection(SolutionProperties) = preSolution
		HideSolutionNode = FALSE
	EndGlobalSection
	GlobalSection(ExtensibilityGlobals) = postSolution
		SolutionGuid = {3DD02675-E19A-481C-9E99-47C21D8E7328}
	EndGlobalSection
EndGlobal
